# This file was autogenerated by Stack.
# You should not edit this file by hand.
# For more information, please see the documentation at:
#   https://docs.haskellstack.org/en/stable/lock_files

packages:
- completed:
    hackage: polysemy-plugin-0.2.5.2@sha256:649cea55749c38af841e9f3750ccf65be351e597f3085234e28e3491e78d1f78,3155
    pantry-tree:
      size: 1162
      sha256: 20b462f8095a8108ef4d920f0d494ba1299821403ad30169168f4b1968b06c2a
  original:
    hackage: polysemy-plugin-0.2.5.2
- completed:
    hackage: postgresql-simple-migration-0.1.15.0@sha256:0e24e96908430f5caf9c1c1d9ca7c5c108e4e0409a255e2cbd77e8cd252dbb02,3879
    pantry-tree:
      size: 766
      sha256: c2843bfe43b804992bc913f33ec6b2c6cb0fc99c6d931b6ff85894e8aef9a99e
  original:
    hackage: postgresql-simple-migration-0.1.15.0
- completed:
    hackage: refined-0.6.1@sha256:d5d713f0a2ad79d1c049d2d132fd8c2078b883b5ea3db876087eaec102843e57,2748
    pantry-tree:
      size: 562
      sha256: 3b530f23657d5c8425b9512593417b2c65085719afa30e0d9d2bd72d4e4f7bd5
  original:
    hackage: refined-0.6.1
- completed:
    hackage: smtp-mail-0.3.0.0@sha256:2e6d9cb29d09a5a04d77a905eb1b570b94b5654e24d40630ea96aa374474c12f,1239
    pantry-tree:
      size: 450
      sha256: 4d319cb6c22b35ca043a83210cd09bfbf99eec3dca4945cd53ed5b7c96f7daca
  original:
    hackage: smtp-mail-0.3.0.0
- completed:
    hackage: these-skinny-0.7.4@sha256:e29336a1a70a497e09d8266f8438efb30a807bafaa6b00f5a136f7493efb3160,1239
    pantry-tree:
      size: 262
      sha256: 77f01554e40d8e910d00f95c35dde86df4f691e2955d9afdc16508114c4d1af2
  original:
    hackage: these-skinny-0.7.4
snapshots:
- completed:
    size: 533252
    url: https://raw.githubusercontent.com/commercialhaskell/stackage-snapshots/master/lts/16/26.yaml
    sha256: cdbc5db9c1afe80a5998247939027a0c7db92fa0f20b5cd01596ec3da628b622
  original: lts-16.26
